Microsoft Visual Studio Solution File, Format Version 8.00
Project("{8BC9CEB8-8B4A-11D0-8D11-00A0C91BC942}") = "moving", "moving.vcproj", "{B9EDEBD3-BCC0-4ADB-A2BE-CAA2FBCD587E}"
	ProjectSection(ProjectDependencies) = postProject
		{2BA79A95-C0A7-4F13-9D84-7912AEA4A8B3} = {2BA79A95-C0A7-4F13-9D84-7912AEA4A8B3}
	EndProjectSection
EndProject
Project("{8BC9CEB8-8B4A-11D0-8D11-00A0C91BC942}") = "simple", "simple.vcproj", "{33F6F3B5-3247-476A-A2D9-19316B88423B}"
	ProjectSection(ProjectDependencies) = postProject
		{2BA79A95-C0A7-4F13-9D84-7912AEA4A8B3} = {2BA79A95-C0A7-4F13-9D84-7912AEA4A8B3}
	EndProjectSection
EndProject
Project("{8BC9CEB8-8B4A-11D0-8D11-00A0C91BC942}") = "testmic", "testmic.vcproj", "{F98212F5-A462-4F75-9AF6-4ED4E79A4B1F}"
	ProjectSection(ProjectDependencies) = postProject
		{2BA79A95-C0A7-4F13-9D84-7912AEA4A8B3} = {2BA79A95-C0A7-4F13-9D84-7912AEA4A8B3}
	EndProjectSection
EndProject
Project("{8BC9CEB8-8B4A-11D0-8D11-00A0C91BC942}") = "testfstream", "testfstream.vcproj", "{3B36C471-B270-4A97-8A7E-0681ACAFB492}"
	ProjectSection(ProjectDependencies) = postProject
		{2BA79A95-C0A7-4F13-9D84-7912AEA4A8B3} = {2BA79A95-C0A7-4F13-9D84-7912AEA4A8B3}
	EndProjectSection
EndProject
Project("{8BC9CEB8-8B4A-11D0-8D11-00A0C91BC942}") = "oalpp", "openalpp.vcproj", "{2BA79A95-C0A7-4F13-9D84-7912AEA4A8B3}"
	ProjectSection(ProjectDependencies) = postProject
	EndProjectSection
EndProject
Project("{8BC9CEB8-8B4A-11D0-8D11-00A0C91BC942}") = "multiple", "multiple.vcproj", "{B9EDEBD3-BCA0-4FDB-A2BE-CAA2FB2D5271}"
	ProjectSection(ProjectDependencies) = postProject
		{2BA79A95-C0A7-4F13-9D84-7912AEA4A8B3} = {2BA79A95-C0A7-4F13-9D84-7912AEA4A8B3}
	EndProjectSection
EndProject
Project("{8BC9CEB8-8B4A-11D0-8D11-00A0C91BC942}") = "playstream", "playstream.vcproj", "{2ACDFA12-B270-4A97-8A7E-0681ACAFB492}"
	ProjectSection(ProjectDependencies) = postProject
		{2BA79A95-C0A7-4F13-9D84-7912AEA4A8B3} = {2BA79A95-C0A7-4F13-9D84-7912AEA4A8B3}
	EndProjectSection
EndProject
Global
	GlobalSection(SolutionConfiguration) = preSolution
		Debug = Debug
		Release = Release
	EndGlobalSection
	GlobalSection(ProjectConfiguration) = postSolution
		{B9EDEBD3-BCC0-4ADB-A2BE-CAA2FBCD587E}.Debug.ActiveCfg = Debug|Win32
		{B9EDEBD3-BCC0-4ADB-A2BE-CAA2FBCD587E}.Debug.Build.0 = Debug|Win32
		{B9EDEBD3-BCC0-4ADB-A2BE-CAA2FBCD587E}.Release.ActiveCfg = Release|Win32
		{B9EDEBD3-BCC0-4ADB-A2BE-CAA2FBCD587E}.Release.Build.0 = Release|Win32
		{33F6F3B5-3247-476A-A2D9-19316B88423B}.Debug.ActiveCfg = Debug|Win32
		{33F6F3B5-3247-476A-A2D9-19316B88423B}.Debug.Build.0 = Debug|Win32
		{33F6F3B5-3247-476A-A2D9-19316B88423B}.Release.ActiveCfg = Release|Win32
		{33F6F3B5-3247-476A-A2D9-19316B88423B}.Release.Build.0 = Release|Win32
		{F98212F5-A462-4F75-9AF6-4ED4E79A4B1F}.Debug.ActiveCfg = Debug|Win32
		{F98212F5-A462-4F75-9AF6-4ED4E79A4B1F}.Debug.Build.0 = Debug|Win32
		{F98212F5-A462-4F75-9AF6-4ED4E79A4B1F}.Release.ActiveCfg = Release|Win32
		{F98212F5-A462-4F75-9AF6-4ED4E79A4B1F}.Release.Build.0 = Release|Win32
		{3B36C471-B270-4A97-8A7E-0681ACAFB492}.Debug.ActiveCfg = Debug|Win32
		{3B36C471-B270-4A97-8A7E-0681ACAFB492}.Debug.Build.0 = Debug|Win32
		{3B36C471-B270-4A97-8A7E-0681ACAFB492}.Release.ActiveCfg = Release|Win32
		{3B36C471-B270-4A97-8A7E-0681ACAFB492}.Release.Build.0 = Release|Win32
		{2BA79A95-C0A7-4F13-9D84-7912AEA4A8B3}.Debug.ActiveCfg = Debug|Win32
		{2BA79A95-C0A7-4F13-9D84-7912AEA4A8B3}.Debug.Build.0 = Debug|Win32
		{2BA79A95-C0A7-4F13-9D84-7912AEA4A8B3}.Release.ActiveCfg = Release|Win32
		{2BA79A95-C0A7-4F13-9D84-7912AEA4A8B3}.Release.Build.0 = Release|Win32
		{B9EDEBD3-BCA0-4FDB-A2BE-CAA2FB2D5271}.Debug.ActiveCfg = Debug|Win32
		{B9EDEBD3-BCA0-4FDB-A2BE-CAA2FB2D5271}.Debug.Build.0 = Debug|Win32
		{B9EDEBD3-BCA0-4FDB-A2BE-CAA2FB2D5271}.Release.ActiveCfg = Release|Win32
		{B9EDEBD3-BCA0-4FDB-A2BE-CAA2FB2D5271}.Release.Build.0 = Release|Win32
		{2ACDFA12-B270-4A97-8A7E-0681ACAFB492}.Debug.ActiveCfg = Debug|Win32
		{2ACDFA12-B270-4A97-8A7E-0681ACAFB492}.Debug.Build.0 = Debug|Win32
		{2ACDFA12-B270-4A97-8A7E-0681ACAFB492}.Release.ActiveCfg = Release|Win32
		{2ACDFA12-B270-4A97-8A7E-0681ACAFB492}.Release.Build.0 = Release|Win32
	EndGlobalSection
	GlobalSection(ExtensibilityGlobals) = postSolution
	EndGlobalSection
	GlobalSection(ExtensibilityAddIns) = postSolution
	EndGlobalSection
EndGlobal
