Microsoft Visual Studio Solution File, Format Version 8.00
Project("{8BC9CEB8-8B4A-11D0-8D11-00A0C91BC942}") = "Core osgAL", "osgAL.vcproj", "{526A68DC-A645-4686-8E7C-CC35DE2D1C7D}"
	ProjectSection(ProjectDependencies) = postProject
		{2BA79A95-C0A7-4F13-9D84-7912AEA4A8B3} = {2BA79A95-C0A7-4F13-9D84-7912AEA4A8B3}
	EndProjectSection
EndProject
Project("{8BC9CEB8-8B4A-11D0-8D11-00A0C91BC942}") = "osgPlugin_osgAL", "..\osgPlugin_osgAL\osgPlugin_osgAL.vcproj", "{E45D0B60-5273-4ADE-92DF-BFE36535C6DA}"
	ProjectSection(ProjectDependencies) = postProject
		{2BA79A95-C0A7-4F13-9D84-7912AEA4A8B3} = {2BA79A95-C0A7-4F13-9D84-7912AEA4A8B3}
		{526A68DC-A645-4686-8E7C-CC35DE2D1C7D} = {526A68DC-A645-4686-8E7C-CC35DE2D1C7D}
	EndProjectSection
EndProject
Project("{8BC9CEB8-8B4A-11D0-8D11-00A0C91BC942}") = "Example osgalviewer", "..\examples\osgalviewer\Example_osgalviewer.vcproj", "{9F1420A2-C589-41BD-AC2D-9E456EACAE78}"
	ProjectSection(ProjectDependencies) = postProject
		{526A68DC-A645-4686-8E7C-CC35DE2D1C7D} = {526A68DC-A645-4686-8E7C-CC35DE2D1C7D}
	EndProjectSection
EndProject
Project("{8BC9CEB8-8B4A-11D0-8D11-00A0C91BC942}") = "Example osgAL", "..\examples\osgal\Example_osgaldemo.vcproj", "{FF2F7F17-9F59-4D78-B364-D67546342C77}"
	ProjectSection(ProjectDependencies) = postProject
		{2BA79A95-C0A7-4F13-9D84-7912AEA4A8B3} = {2BA79A95-C0A7-4F13-9D84-7912AEA4A8B3}
		{526A68DC-A645-4686-8E7C-CC35DE2D1C7D} = {526A68DC-A645-4686-8E7C-CC35DE2D1C7D}
	EndProjectSection
EndProject
Project("{8BC9CEB8-8B4A-11D0-8D11-00A0C91BC942}") = "Example osgalmultiple", "..\examples\osgalmultiple\Example_osgalmultiple.vcproj", "{FF2F7F17-9F59-4D78-B364-D83046342C84}"
	ProjectSection(ProjectDependencies) = postProject
		{526A68DC-A645-4686-8E7C-CC35DE2D1C7D} = {526A68DC-A645-4686-8E7C-CC35DE2D1C7D}
	EndProjectSection
EndProject
Project("{8BC9CEB8-8B4A-11D0-8D11-00A0C91BC942}") = "Example osgalocclude", "..\examples\osgalocclude\Example_osgalocclude.vcproj", "{FF2F7F17-9859-4F78-A364-D83593742C84}"
	ProjectSection(ProjectDependencies) = postProject
		{526A68DC-A645-4686-8E7C-CC35DE2D1C7D} = {526A68DC-A645-4686-8E7C-CC35DE2D1C7D}
	EndProjectSection
EndProject
Project("{8BC9CEB8-8B4A-11D0-8D11-00A0C91BC942}") = "oalpp", "..\openalpp\openalpp.vcproj", "{2BA79A95-C0A7-4F13-9D84-7912AEA4A8B3}"
	ProjectSection(ProjectDependencies) = postProject
	EndProjectSection
EndProject
Project("{8BC9CEB8-8B4A-11D0-8D11-00A0C91BC942}") = "oalpp Example simple", "..\examples\openalpp\simple.vcproj", "{33F6F3B5-3247-476A-A2D9-19316B88423B}"
	ProjectSection(ProjectDependencies) = postProject
		{2BA79A95-C0A7-4F13-9D84-7912AEA4A8B3} = {2BA79A95-C0A7-4F13-9D84-7912AEA4A8B3}
	EndProjectSection
EndProject
Project("{8BC9CEB8-8B4A-11D0-8D11-00A0C91BC942}") = "oalpp Example moving", "..\examples\openalpp\moving.vcproj", "{33F6F3B5-3247-476A-A2D9-19316B88423B}"
	ProjectSection(ProjectDependencies) = postProject
		{2BA79A95-C0A7-4F13-9D84-7912AEA4A8B3} = {2BA79A95-C0A7-4F13-9D84-7912AEA4A8B3}
	EndProjectSection
EndProject
Project("{8BC9CEB8-8B4A-11D0-8D11-00A0C91BC942}") = "oalpp Example testfstream", "..\examples\openalpp\testfstream.vcproj", "{33F6F3B5-3247-476A-A2D9-19316B88423B}"
	ProjectSection(ProjectDependencies) = postProject
		{2BA79A95-C0A7-4F13-9D84-7912AEA4A8B3} = {2BA79A95-C0A7-4F13-9D84-7912AEA4A8B3}
	EndProjectSection
EndProject
Project("{8BC9CEB8-8B4A-11D0-8D11-00A0C91BC942}") = "oalpp Example multiple", "..\examples\openalpp\multiple.vcproj", "{33F6F3B5-3247-476A-A2D9-19316B88423B}"
	ProjectSection(ProjectDependencies) = postProject
		{2BA79A95-C0A7-4F13-9D84-7912AEA4A8B3} = {2BA79A95-C0A7-4F13-9D84-7912AEA4A8B3}
	EndProjectSection
EndProject
Project("{8BC9CEB8-8B4A-11D0-8D11-00A0C91BC942}") = "oalpp Example capture", "..\examples\openalpp\capture.vcproj", "{33F643AF-32B7-471A-A209-193C6B88423B}"
	ProjectSection(ProjectDependencies) = postProject
		{2BA79A95-C0A7-4F13-9D84-7912AEA4A8B3} = {2BA79A95-C0A7-4F13-9D84-7912AEA4A8B3}
	EndProjectSection
EndProject
Project("{8BC9CEB8-8B4A-11D0-8D11-00A0C91BC942}") = "oalpp Example multiple_oggstreams", "..\examples\openalpp\multiple_oggstreams.vcproj", "{33F6F3B5-3247-476A-A2D9-19316B88423B}"
	ProjectSection(ProjectDependencies) = postProject
		{2BA79A95-C0A7-4F13-9D84-7912AEA4A8B3} = {2BA79A95-C0A7-4F13-9D84-7912AEA4A8B3}
	EndProjectSection
EndProject
Project("{8BC9CEB8-8B4A-11D0-8D11-00A0C91BC942}") = "oalpp Example playOgg", "..\examples\openalpp\playOgg.vcproj", "{33F6F3B5-3247-476A-A2D9-19316B88423B}"
	ProjectSection(ProjectDependencies) = postProject
		{2BA79A95-C0A7-4F13-9D84-7912AEA4A8B3} = {2BA79A95-C0A7-4F13-9D84-7912AEA4A8B3}
	EndProjectSection
EndProject
Global
	GlobalSection(SolutionConfiguration) = preSolution
		Debug = Debug
		Release = Release
	EndGlobalSection
	GlobalSection(ProjectConfiguration) = postSolution
		{526A68DC-A645-4686-8E7C-CC35DE2D1C7D}.Debug.ActiveCfg = Debug|Win32
		{526A68DC-A645-4686-8E7C-CC35DE2D1C7D}.Debug.Build.0 = Debug|Win32
		{526A68DC-A645-4686-8E7C-CC35DE2D1C7D}.Release.ActiveCfg = Release|Win32
		{526A68DC-A645-4686-8E7C-CC35DE2D1C7D}.Release.Build.0 = Release|Win32
		{E45D0B60-5273-4ADE-92DF-BFE36535C6DA}.Debug.ActiveCfg = Debug|Win32
		{E45D0B60-5273-4ADE-92DF-BFE36535C6DA}.Debug.Build.0 = Debug|Win32
		{E45D0B60-5273-4ADE-92DF-BFE36535C6DA}.Release.ActiveCfg = Release|Win32
		{E45D0B60-5273-4ADE-92DF-BFE36535C6DA}.Release.Build.0 = Release|Win32
		{9F1420A2-C589-41BD-AC2D-9E456EACAE78}.Debug.ActiveCfg = Debug|Win32
		{9F1420A2-C589-41BD-AC2D-9E456EACAE78}.Debug.Build.0 = Debug|Win32
		{9F1420A2-C589-41BD-AC2D-9E456EACAE78}.Release.ActiveCfg = Release|Win32
		{9F1420A2-C589-41BD-AC2D-9E456EACAE78}.Release.Build.0 = Release|Win32
		{FF2F7F17-9F59-4D78-B364-D67546342C77}.Debug.ActiveCfg = Debug|Win32
		{FF2F7F17-9F59-4D78-B364-D67546342C77}.Debug.Build.0 = Debug|Win32
		{FF2F7F17-9F59-4D78-B364-D67546342C77}.Release.ActiveCfg = Release|Win32
		{FF2F7F17-9F59-4D78-B364-D67546342C77}.Release.Build.0 = Release|Win32
		{FF2F7F17-9F59-4D78-B364-D83046342C84}.Debug.ActiveCfg = Debug|Win32
		{FF2F7F17-9F59-4D78-B364-D83046342C84}.Debug.Build.0 = Debug|Win32
		{FF2F7F17-9F59-4D78-B364-D83046342C84}.Release.ActiveCfg = Release|Win32
		{FF2F7F17-9F59-4D78-B364-D83046342C84}.Release.Build.0 = Release|Win32
		{FF2F7F17-9859-4F78-A364-D83593742C84}.Debug.ActiveCfg = Debug|Win32
		{FF2F7F17-9859-4F78-A364-D83593742C84}.Debug.Build.0 = Debug|Win32
		{FF2F7F17-9859-4F78-A364-D83593742C84}.Release.ActiveCfg = Release|Win32
		{FF2F7F17-9859-4F78-A364-D83593742C84}.Release.Build.0 = Release|Win32
		{2BA79A95-C0A7-4F13-9D84-7912AEA4A8B3}.Debug.ActiveCfg = Debug|Win32
		{2BA79A95-C0A7-4F13-9D84-7912AEA4A8B3}.Debug.Build.0 = Debug|Win32
		{2BA79A95-C0A7-4F13-9D84-7912AEA4A8B3}.Release.ActiveCfg = Release|Win32
		{2BA79A95-C0A7-4F13-9D84-7912AEA4A8B3}.Release.Build.0 = Release|Win32
		{33F6F3B5-3247-476A-A2D9-19316B88423B}.Debug.ActiveCfg = Debug|Win32
		{33F6F3B5-3247-476A-A2D9-19316B88423B}.Debug.Build.0 = Debug|Win32
		{33F6F3B5-3247-476A-A2D9-19316B88423B}.Release.ActiveCfg = Release|Win32
		{33F6F3B5-3247-476A-A2D9-19316B88423B}.Release.Build.0 = Release|Win32
		{33F6F3B5-3247-476A-A2D9-19316B88423B}.Debug.ActiveCfg = Debug|Win32
		{33F6F3B5-3247-476A-A2D9-19316B88423B}.Debug.Build.0 = Debug|Win32
		{33F6F3B5-3247-476A-A2D9-19316B88423B}.Release.ActiveCfg = Release|Win32
		{33F6F3B5-3247-476A-A2D9-19316B88423B}.Release.Build.0 = Release|Win32
		{33F6F3B5-3247-476A-A2D9-19316B88423B}.Debug.ActiveCfg = Debug|Win32
		{33F6F3B5-3247-476A-A2D9-19316B88423B}.Debug.Build.0 = Debug|Win32
		{33F6F3B5-3247-476A-A2D9-19316B88423B}.Release.ActiveCfg = Release|Win32
		{33F6F3B5-3247-476A-A2D9-19316B88423B}.Release.Build.0 = Release|Win32
		{33F6F3B5-3247-476A-A2D9-19316B88423B}.Debug.ActiveCfg = Debug|Win32
		{33F6F3B5-3247-476A-A2D9-19316B88423B}.Debug.Build.0 = Debug|Win32
		{33F6F3B5-3247-476A-A2D9-19316B88423B}.Release.ActiveCfg = Release|Win32
		{33F6F3B5-3247-476A-A2D9-19316B88423B}.Release.Build.0 = Release|Win32
		{33F643AF-32B7-471A-A209-193C6B88423B}.Debug.ActiveCfg = Debug|Win32
		{33F643AF-32B7-471A-A209-193C6B88423B}.Debug.Build.0 = Debug|Win32
		{33F643AF-32B7-471A-A209-193C6B88423B}.Release.ActiveCfg = Release|Win32
		{33F643AF-32B7-471A-A209-193C6B88423B}.Release.Build.0 = Release|Win32
		{33F6F3B5-3247-476A-A2D9-19316B88423B}.Debug.ActiveCfg = Debug|Win32
		{33F6F3B5-3247-476A-A2D9-19316B88423B}.Debug.Build.0 = Debug|Win32
		{33F6F3B5-3247-476A-A2D9-19316B88423B}.Release.ActiveCfg = Release|Win32
		{33F6F3B5-3247-476A-A2D9-19316B88423B}.Release.Build.0 = Release|Win32
		{33F6F3B5-3247-476A-A2D9-19316B88423B}.Debug.ActiveCfg = Debug|Win32
		{33F6F3B5-3247-476A-A2D9-19316B88423B}.Debug.Build.0 = Debug|Win32
		{33F6F3B5-3247-476A-A2D9-19316B88423B}.Release.ActiveCfg = Release|Win32
		{33F6F3B5-3247-476A-A2D9-19316B88423B}.Release.Build.0 = Release|Win32
	EndGlobalSection
	GlobalSection(SolutionItems) = postSolution
		..\..\NEWS = ..\..\NEWS
	EndGlobalSection
	GlobalSection(ExtensibilityGlobals) = postSolution
	EndGlobalSection
	GlobalSection(ExtensibilityAddIns) = postSolution
	EndGlobalSection
EndGlobal
