Microsoft Visual Studio Solution File, Format Version 9.00
# Visual C++ Express 2005
Project("{8BC9CEB8-8B4A-11D0-8D11-00A0C91BC942}") = "Core osgAL", "osgAL.vcproj", "{526A68DC-A645-4686-8E7C-CC35DE2D1C7D}"
	ProjectSection(ProjectDependencies) = postProject
		{2BA79A95-C0A7-4F13-9D84-7912AEA4A8B3} = {2BA79A95-C0A7-4F13-9D84-7912AEA4A8B3}
	EndProjectSection
EndProject
Project("{8BC9CEB8-8B4A-11D0-8D11-00A0C91BC942}") = "osgPlugin_osgAL", "..\osgPlugin_osgAL\osgPlugin_osgAL.vcproj", "{E45D0B60-5273-4ADE-92DF-BFE36535C6DA}"
	ProjectSection(ProjectDependencies) = postProject
		{526A68DC-A645-4686-8E7C-CC35DE2D1C7D} = {526A68DC-A645-4686-8E7C-CC35DE2D1C7D}
		{2BA79A95-C0A7-4F13-9D84-7912AEA4A8B3} = {2BA79A95-C0A7-4F13-9D84-7912AEA4A8B3}
	EndProjectSection
EndProject
Project("{8BC9CEB8-8B4A-11D0-8D11-00A0C91BC942}") = "Example osgalviewer", "..\examples\osgalviewer\Example_osgalviewer.vcproj", "{9F1420A2-C589-41BD-AC2D-9E456EACAE78}"
	ProjectSection(ProjectDependencies) = postProject
		{526A68DC-A645-4686-8E7C-CC35DE2D1C7D} = {526A68DC-A645-4686-8E7C-CC35DE2D1C7D}
		{2BA79A95-C0A7-4F13-9D84-7912AEA4A8B3} = {2BA79A95-C0A7-4F13-9D84-7912AEA4A8B3}
	EndProjectSection
EndProject
Project("{8BC9CEB8-8B4A-11D0-8D11-00A0C91BC942}") = "Example osgAL", "..\examples\osgal\Example_osgaldemo.vcproj", "{FF2F7F17-9F59-4D78-B364-D67546342C77}"
	ProjectSection(ProjectDependencies) = postProject
		{526A68DC-A645-4686-8E7C-CC35DE2D1C7D} = {526A68DC-A645-4686-8E7C-CC35DE2D1C7D}
		{2BA79A95-C0A7-4F13-9D84-7912AEA4A8B3} = {2BA79A95-C0A7-4F13-9D84-7912AEA4A8B3}
	EndProjectSection
EndProject
Project("{8BC9CEB8-8B4A-11D0-8D11-00A0C91BC942}") = "Example osgalmultiple", "..\examples\osgalmultiple\Example_osgalmultiple.vcproj", "{FF2F7F17-9F59-4D78-B364-D83046342C84}"
	ProjectSection(ProjectDependencies) = postProject
		{2BA79A95-C0A7-4F13-9D84-7912AEA4A8B3} = {2BA79A95-C0A7-4F13-9D84-7912AEA4A8B3}
		{526A68DC-A645-4686-8E7C-CC35DE2D1C7D} = {526A68DC-A645-4686-8E7C-CC35DE2D1C7D}
	EndProjectSection
EndProject
Project("{8BC9CEB8-8B4A-11D0-8D11-00A0C91BC942}") = "Example osgalocclude", "..\examples\osgalocclude\Example_osgalocclude.vcproj", "{FF2F7F17-9859-4F78-A364-D83593742C84}"
	ProjectSection(ProjectDependencies) = postProject
		{2BA79A95-C0A7-4F13-9D84-7912AEA4A8B3} = {2BA79A95-C0A7-4F13-9D84-7912AEA4A8B3}
		{526A68DC-A645-4686-8E7C-CC35DE2D1C7D} = {526A68DC-A645-4686-8E7C-CC35DE2D1C7D}
	EndProjectSection
EndProject
Project("{8BC9CEB8-8B4A-11D0-8D11-00A0C91BC942}") = "oalpp", "..\openalpp\openalpp.vcproj", "{2BA79A95-C0A7-4F13-9D84-7912AEA4A8B3}"
EndProject
Project("{8BC9CEB8-8B4A-11D0-8D11-00A0C91BC942}") = "oalpp Example simple", "..\examples\openalpp\simple.vcproj", "{33F6F3B5-3247-476A-A2D9-19316B88423B}"
	ProjectSection(ProjectDependencies) = postProject
		{2BA79A95-C0A7-4F13-9D84-7912AEA4A8B3} = {2BA79A95-C0A7-4F13-9D84-7912AEA4A8B3}
	EndProjectSection
EndProject
Project("{8BC9CEB8-8B4A-11D0-8D11-00A0C91BC942}") = "oalpp Example moving", "..\examples\openalpp\moving.vcproj", "{A0E74536-39AE-4268-91D1-FEE6783497A3}"
	ProjectSection(ProjectDependencies) = postProject
		{2BA79A95-C0A7-4F13-9D84-7912AEA4A8B3} = {2BA79A95-C0A7-4F13-9D84-7912AEA4A8B3}
	EndProjectSection
EndProject
Project("{8BC9CEB8-8B4A-11D0-8D11-00A0C91BC942}") = "oalpp Example testfstream", "..\examples\openalpp\testfstream.vcproj", "{41BF0F77-743A-4875-BA5C-A436D7FAA0C1}"
	ProjectSection(ProjectDependencies) = postProject
		{2BA79A95-C0A7-4F13-9D84-7912AEA4A8B3} = {2BA79A95-C0A7-4F13-9D84-7912AEA4A8B3}
	EndProjectSection
EndProject
Project("{8BC9CEB8-8B4A-11D0-8D11-00A0C91BC942}") = "oalpp Example multiple", "..\examples\openalpp\multiple.vcproj", "{8E737912-1659-42A3-A15D-5CBF7413936F}"
	ProjectSection(ProjectDependencies) = postProject
		{2BA79A95-C0A7-4F13-9D84-7912AEA4A8B3} = {2BA79A95-C0A7-4F13-9D84-7912AEA4A8B3}
	EndProjectSection
EndProject
Project("{8BC9CEB8-8B4A-11D0-8D11-00A0C91BC942}") = "oalpp Example capture", "..\examples\openalpp\capture.vcproj", "{33F643AF-32B7-471A-A209-193C6B88423B}"
	ProjectSection(ProjectDependencies) = postProject
		{2BA79A95-C0A7-4F13-9D84-7912AEA4A8B3} = {2BA79A95-C0A7-4F13-9D84-7912AEA4A8B3}
	EndProjectSection
EndProject
Project("{8BC9CEB8-8B4A-11D0-8D11-00A0C91BC942}") = "oalpp Example multiple_oggstreams", "..\examples\openalpp\multiple_oggstreams.vcproj", "{F322B40F-0A9B-4F4C-9237-7A406EDD9FCF}"
	ProjectSection(ProjectDependencies) = postProject
		{2BA79A95-C0A7-4F13-9D84-7912AEA4A8B3} = {2BA79A95-C0A7-4F13-9D84-7912AEA4A8B3}
	EndProjectSection
EndProject
Project("{8BC9CEB8-8B4A-11D0-8D11-00A0C91BC942}") = "oalpp Example playOgg", "..\examples\openalpp\playOgg.vcproj", "{82F02FF8-E793-4003-8C97-23D2EE6AAB16}"
	ProjectSection(ProjectDependencies) = postProject
		{2BA79A95-C0A7-4F13-9D84-7912AEA4A8B3} = {2BA79A95-C0A7-4F13-9D84-7912AEA4A8B3}
	EndProjectSection
EndProject
Global
	GlobalSection(SolutionConfigurationPlatforms) = preSolution
		Debug|Win32 = Debug|Win32
		Release|Win32 = Release|Win32
	EndGlobalSection
	GlobalSection(ProjectConfigurationPlatforms) = postSolution
		{526A68DC-A645-4686-8E7C-CC35DE2D1C7D}.Debug|Win32.ActiveCfg = Debug|Win32
		{526A68DC-A645-4686-8E7C-CC35DE2D1C7D}.Debug|Win32.Build.0 = Debug|Win32
		{526A68DC-A645-4686-8E7C-CC35DE2D1C7D}.Release|Win32.ActiveCfg = Release|Win32
		{526A68DC-A645-4686-8E7C-CC35DE2D1C7D}.Release|Win32.Build.0 = Release|Win32
		{E45D0B60-5273-4ADE-92DF-BFE36535C6DA}.Debug|Win32.ActiveCfg = Debug|Win32
		{E45D0B60-5273-4ADE-92DF-BFE36535C6DA}.Debug|Win32.Build.0 = Debug|Win32
		{E45D0B60-5273-4ADE-92DF-BFE36535C6DA}.Release|Win32.ActiveCfg = Release|Win32
		{E45D0B60-5273-4ADE-92DF-BFE36535C6DA}.Release|Win32.Build.0 = Release|Win32
		{9F1420A2-C589-41BD-AC2D-9E456EACAE78}.Debug|Win32.ActiveCfg = Debug|Win32
		{9F1420A2-C589-41BD-AC2D-9E456EACAE78}.Debug|Win32.Build.0 = Debug|Win32
		{9F1420A2-C589-41BD-AC2D-9E456EACAE78}.Release|Win32.ActiveCfg = Release|Win32
		{9F1420A2-C589-41BD-AC2D-9E456EACAE78}.Release|Win32.Build.0 = Release|Win32
		{FF2F7F17-9F59-4D78-B364-D67546342C77}.Debug|Win32.ActiveCfg = Debug|Win32
		{FF2F7F17-9F59-4D78-B364-D67546342C77}.Debug|Win32.Build.0 = Debug|Win32
		{FF2F7F17-9F59-4D78-B364-D67546342C77}.Release|Win32.ActiveCfg = Release|Win32
		{FF2F7F17-9F59-4D78-B364-D67546342C77}.Release|Win32.Build.0 = Release|Win32
		{FF2F7F17-9F59-4D78-B364-D83046342C84}.Debug|Win32.ActiveCfg = Debug|Win32
		{FF2F7F17-9F59-4D78-B364-D83046342C84}.Debug|Win32.Build.0 = Debug|Win32
		{FF2F7F17-9F59-4D78-B364-D83046342C84}.Release|Win32.ActiveCfg = Release|Win32
		{FF2F7F17-9F59-4D78-B364-D83046342C84}.Release|Win32.Build.0 = Release|Win32
		{FF2F7F17-9859-4F78-A364-D83593742C84}.Debug|Win32.ActiveCfg = Debug|Win32
		{FF2F7F17-9859-4F78-A364-D83593742C84}.Debug|Win32.Build.0 = Debug|Win32
		{FF2F7F17-9859-4F78-A364-D83593742C84}.Release|Win32.ActiveCfg = Release|Win32
		{FF2F7F17-9859-4F78-A364-D83593742C84}.Release|Win32.Build.0 = Release|Win32
		{2BA79A95-C0A7-4F13-9D84-7912AEA4A8B3}.Debug|Win32.ActiveCfg = Debug|Win32
		{2BA79A95-C0A7-4F13-9D84-7912AEA4A8B3}.Debug|Win32.Build.0 = Debug|Win32
		{2BA79A95-C0A7-4F13-9D84-7912AEA4A8B3}.Release|Win32.ActiveCfg = Release|Win32
		{2BA79A95-C0A7-4F13-9D84-7912AEA4A8B3}.Release|Win32.Build.0 = Release|Win32
		{33F6F3B5-3247-476A-A2D9-19316B88423B}.Debug|Win32.ActiveCfg = Debug|Win32
		{33F6F3B5-3247-476A-A2D9-19316B88423B}.Debug|Win32.Build.0 = Debug|Win32
		{33F6F3B5-3247-476A-A2D9-19316B88423B}.Release|Win32.ActiveCfg = Release|Win32
		{33F6F3B5-3247-476A-A2D9-19316B88423B}.Release|Win32.Build.0 = Release|Win32
		{A0E74536-39AE-4268-91D1-FEE6783497A3}.Debug|Win32.ActiveCfg = Debug|Win32
		{A0E74536-39AE-4268-91D1-FEE6783497A3}.Debug|Win32.Build.0 = Debug|Win32
		{A0E74536-39AE-4268-91D1-FEE6783497A3}.Release|Win32.ActiveCfg = Release|Win32
		{A0E74536-39AE-4268-91D1-FEE6783497A3}.Release|Win32.Build.0 = Release|Win32
		{41BF0F77-743A-4875-BA5C-A436D7FAA0C1}.Debug|Win32.ActiveCfg = Debug|Win32
		{41BF0F77-743A-4875-BA5C-A436D7FAA0C1}.Debug|Win32.Build.0 = Debug|Win32
		{41BF0F77-743A-4875-BA5C-A436D7FAA0C1}.Release|Win32.ActiveCfg = Release|Win32
		{41BF0F77-743A-4875-BA5C-A436D7FAA0C1}.Release|Win32.Build.0 = Release|Win32
		{8E737912-1659-42A3-A15D-5CBF7413936F}.Debug|Win32.ActiveCfg = Debug|Win32
		{8E737912-1659-42A3-A15D-5CBF7413936F}.Debug|Win32.Build.0 = Debug|Win32
		{8E737912-1659-42A3-A15D-5CBF7413936F}.Release|Win32.ActiveCfg = Release|Win32
		{8E737912-1659-42A3-A15D-5CBF7413936F}.Release|Win32.Build.0 = Release|Win32
		{33F643AF-32B7-471A-A209-193C6B88423B}.Debug|Win32.ActiveCfg = Debug|Win32
		{33F643AF-32B7-471A-A209-193C6B88423B}.Debug|Win32.Build.0 = Debug|Win32
		{33F643AF-32B7-471A-A209-193C6B88423B}.Release|Win32.ActiveCfg = Release|Win32
		{33F643AF-32B7-471A-A209-193C6B88423B}.Release|Win32.Build.0 = Release|Win32
		{F322B40F-0A9B-4F4C-9237-7A406EDD9FCF}.Debug|Win32.ActiveCfg = Debug|Win32
		{F322B40F-0A9B-4F4C-9237-7A406EDD9FCF}.Debug|Win32.Build.0 = Debug|Win32
		{F322B40F-0A9B-4F4C-9237-7A406EDD9FCF}.Release|Win32.ActiveCfg = Release|Win32
		{F322B40F-0A9B-4F4C-9237-7A406EDD9FCF}.Release|Win32.Build.0 = Release|Win32
		{82F02FF8-E793-4003-8C97-23D2EE6AAB16}.Debug|Win32.ActiveCfg = Debug|Win32
		{82F02FF8-E793-4003-8C97-23D2EE6AAB16}.Debug|Win32.Build.0 = Debug|Win32
		{82F02FF8-E793-4003-8C97-23D2EE6AAB16}.Release|Win32.ActiveCfg = Release|Win32
		{82F02FF8-E793-4003-8C97-23D2EE6AAB16}.Release|Win32.Build.0 = Release|Win32
	EndGlobalSection
	GlobalSection(SolutionProperties) = preSolution
		HideSolutionNode = FALSE
	EndGlobalSection
EndGlobal
